github.com/bytedance/sonic v1.11.6 h1:oUp34TzMlL+OY1OUWxHqsdkgC0kgc3cVFGjWpW88NUk=
github.com/bytedance/sonic v1.11.6/go.mod h1:iZclPWjA0rMZd8O4rMzDyPU0zLdO612AezXGUEnp6mA=
github.com/cespare/xxhash/v2 v2.2.0 h1:dcJPEYZ/pq2CTfGZtHGkwkE1O2vx0sN3UfctHFXGHCI=
github.com/cespare/xxhash/v2 v2.2.0/go.mod h1:VGX0jK6Tx0nZ0HjXt47O44RB5gQ7ijob5Yh3uGJhB90=
github.com/davecgh/go-spew v1.1.1 h1:vj1J6fgmGAZ4rbMaCtOHbcct1Cey4Ns1lTXcF8UFk9w=
github.com/davecgh/go-spew v1.1.1/go.mod h1:J7m0fwSxOaLL3lRxJ1cJPZ4BQgY1+gUsJ0JQo1tJ4+o=
github.com/gabriel-vasile/mimetype v1.4.3 h1:GT2fpDWuNKXmtoLWwmArnKGR8JmGTJX8FPcmZ2e5vxU=
github.com/gabriel-vasile/mimetype v1.4.3/go.mod h1:i8zORR5pIU6/Y/yoWi6Sx6jL2NCxEqwBCV/FumP4SNk=
github.com/gin-contrib/cors v1.5.0 h1:AbhkV80mD4NqbbnppI0+hh1/kXDo5a91jO6EOno93k4=
github.com/gin-contrib/cors v1.5.0/go.mod h1:rFLXz+53UKNxiS/MK6ERjJgCps57hciTALwt0Zj6YdI=
github.com/gin-contrib/sse v0.1.0 h1:D1Jp2GgfzvxXblA3ovP8LJADHxjNCsXKN6mP3gp2qGs=
github.com/gin-contrib/sse v0.1.0/go.mod h1:0MRYtYgFdljUmTUKP8Pw5GTbmef541B8yvoSpXvj0J0=
github.com/gin-gonic/gin v1.9.1 h1:XP3V5uLSYu+nLhFnMSQsULB+by71eV0qVNx4wum4CaE=
github.com/gin-gonic/gin v1.9.1/go.mod h1:W1w5rVPPYtgvGZ1+cvu1Y2AA0pMMO/X2f1+Gs4y7n0o=
github.com/go-playground/locales v0.14.1 h1:63xxA1UWqEo3EYfF5xFWn5YahEFtX0du93stEX9h3PE=
github.com/go-playground/locales v0.14.1/go.mod h1:4eNyyjR4y3z1RqsqtdT5b1T6D+Y5YOLjN+pKQ8DQu08=
github.com/go-playground/universal-translator v0.18.1 h1:Ys3Rz+XwFnpzjKWnE78sHGQkRw7phVX1y4ghx9PTTT4=
github.com/go-playground/universal-translator v0.18.1/go.mod h1:8eNzN3XZ8EqK1JK0g08ZTETxRMQx7DH57VRtMn62x30=
github.com/go-playground/validator/v10 v10.20.0 h1:xUR/MQou2dkf2L/KnB8h651mR6UGKcgcsHIyVltTkqA=
github.com/go-playground/validator/v10 v10.20.0/go.mod h1:+0TzeZT6DUI4tVJsC6NyyH8b9K52qEyw5xU+4pk4kJA=
github.com/goccy/go-json v0.10.2 h1:O7LpPo3/eV1PcaC1bJGBZcH6HYUzJPO7nfSZfaldW/k=
github.com/goccy/go-json v0.10.2/go.mod h1:MzvGoSd1+sKQ0Efl1WLyM0mBGiZf3eCdDbpPDShvnSs=
github.com/golang-jwt/jwt/v5 v5.2.1 h1:Csp/SZu1YE9e0jYmD9zqYgHdDoEYFFgygAE6v+TeJTw=
github.com/golang-jwt/jwt/v5 v5.2.1/go.mod h1:ks4VylAe0VnLUAGIrGhqZir3VVr15hROOus81f+dJN8=
github.com/google/uuid v1.6.0 h1:J3b6u9Oz64x2L9dNZWscwS5HFhO4J4dZcd6Kuzd/1d0=
github.com/google/uuid v1.6.0/go.mod h1:KuD2dB1/0ASLZVsC29eOQjk1Pf6vGd6EPC6eyxY6qAU=
github.com/jackc/pgpassfile v1.0.0 h1:DVvNO5oazIhwvh1i+FIeM0zkPpz9QnwsdUOnPL0Ghwk=
github.com/jackc/pgpassfile v1.0.0/go.mod h1:J5PkeMhnkQt0PzNOvZ+mLjJYBI2blxCEUgqUZX6R8To=
github.com/jackc/pgservicefile v0.0.0-20231201235250-de7065d80cb9 h1:Gm37GT9HO3dLbFxduuPh4UlnZrcG/qjLrvuAzMOk1Gs=
github.com/jackc/pgservicefile v0.0.0-20231201235250-de7065d80cb9/go.mod h1:XKldl0NF0xi1g0orJXcfAVnBXcMLtG1hiLDQuxCKh9Y=
github.com/jackc/pgx/v5 v5.5.4 h1:yhNeCtyZwqCrtCGXkAEDXjs4XcvM7Q2vQ0HvqWQ87No=
github.com/jackc/pgx/v5 v5.5.4/go.mod h1:7+Aftf0oa2vtMte6KDoEP/JJXNv6r/lMqSvi0fCN910=
github.com/jinzhu/inflection v1.0.0 h1:3goxjZdjIEnOmzp7eC2XGFDQPNVZldwoUPJgyVxu5OQ=
github.com/jinzhu/inflection v1.0.0/go.mod h1:h+uXiEX703DdbPZ/A2SJBVm+ZOYoM5KRFo/fIwyOw/E=
github.com/jinzhu/now v1.1.5 h1:umseDDhvrAhDFWCfjM4ah+Cfw+P7kdzhyf0ly0H5oZA=
github.com/jinzhu/now v1.1.5/go.mod h1:d3SSj9/LIG8AsKUqC4NPzn0xwpt3YdOk1JD/8UC2+wE=
github.com/joho/godotenv v1.6.0 h1:kcXonOm94czIyS6n+0g8+FEIX+5wFRwO1TN6mJfxBc0=
github.com/joho/godotenv v1.6.0/go.mod h1:8RNvjoBMNM0bRgdVtLPrhRlf6M1JSWxPnt51Y2h0eyM=
github.com/json-iterator/go v1.1.12 h1:2uyDsmzQ8l3EZXb9mHo8KXgFm5bHwMi/ogF7or0qgmc=
github.com/json-iterator/go v1.1.12/go.mod h1:eFnXJo5jFiOTebgUxDJrJc51VqjhF3lH28prAnWaRZU=
github.com/kelseyhightower/envconfig v1.4.0 h1:BMxhbIzLRS+k6eXaHJQ742ewQ0swQTsXCQMF1Ywqg50=
github.com/kelseyhightower/envconfig v1.4.0/go.mod h1:Z0mA9N2KBz+4Y+c6P5E6zpKkA/eFa45Gqt5nZbFpjO8=
github.com/klauspost/cpuid/v2 v2.2.7 h1:W0TsgA1jNV45S+0+M8GsVQJVGsB56zowDjwGjqv6uN4=
github.com/klauspost/cpuid/v2 v2.2.7/go.mod h1:WzuS/dIo4eHqELcsgy1ByyM0usNxCm/+0W0L9Vo7C3M=
github.com/leodido/go-urn v1.4.0 h1:FH1dRc/1Yx4nvvRWXcnl1TKsi6utZepJX90B3jO0A28=
github.com/leodido/go-urn v1.4.0/go.mod h1:ND+5etNQPpc9zVT6ffaj6JZ7QoTnzb8/kOhT+DGvlJI=
github.com/mattn/go-isatty v0.0.20 h1:O9Ou8jpkaDhs8bHfdFjaVG7tDtEp5eMNyJfw3r0GX1U=
github.com/mattn/go-isatty v0.0.20/go.mod h1:ZArYv15ZsGJ4lRJf7gY70ubucFZDaOf+gG7F3rjqGdo=
github.com/modern-go/concurrent v0.0.0-20180306012644-bacd9c7ef1dd h1:9OXOmxU8cIvkPyirSjvNEvj6YX0NEkY9KTk0UaID4nU=
github.com/modern-go/concurrent v0.0.0-20180306012644-bacd9c7ef1dd/go.mod h1:6IztlVj6hCNK438wIyABNedYd8RSrfsqhEbUcbAZl2I=
github.com/modern-go/reflect2 v1.0.2 h1:x3NpljRGsT2ZdZLvaTlgVeAgsmYTSKVm+qAHmOe1HeE=
github.com/modern-go/reflect2 v1.0.2/go.mod h1:yW/REwGWm5Pt9Qs94G5mkYEEfQ7iDAYHusWpFKFGSMQ=
github.com/pelletier/go-toml/v2 v2.2.2 h1:N5j+28761JA69XOZ1I8GiFh1Rd+iHE+SK9PGCPWsAyU=
github.com/pelletier/go-toml/v2 v2.2.2/go.mod h1:slrCxIeow+x5SSgMjCrnUfDYX4fl1YQ1fSHyWAH75+0=
github.com/pmezard/go-difflib v1.0.0 h1:4DBwDE0NGyhomlE4C7zuKZ1kkf3YX8qbHBr6LoxHA+o=
github.com/pmezard/go-difflib v1.0.0/go.mod h1:i7BrAcRv6a0sHRha3k2PEY4j1cHE26bPkNGdENtDmgc=
github.com/stretchr/testify v1.8.4 h1:gFIwJQ43XkHhs6+QRW5KV44MH60/gZkjujXdbQ2Vyco=
github.com/stretchr/testify v1.8.4/go.mod h1:yNjHgUEB9AihhlDYsXFGP9YLX4kLB8J7jyRj3PBkQNY=
github.com/twitchyliquid64/golang-asm v0.15.1 h1:w4MXqtEmRUTuJqzuK9Xa8NXjHacJWcC8O9oxBChgV1Q=
github.com/twitchyliquid64/golang-asm v0.15.1/go.mod h1:T0q7cc4VL5HObTlpF0qG5RLd/mgx2b0wCmf2HsK8dyo=
github.com/ugorji/go/codec v1.2.12 h1:GOglcXjm0KZ3jqZftolCcwX9Tc8L9HO6ZrK8iSFn9wc=
github.com/ugorji/go/codec v1.2.12/go.mod h1:C+0BFvLu2BzILUuWiVxUBQ3eWILc0CB3rGAMMnpCj1o=
golang.org/x/arch v0.7.0 h1:egkiwzkNXi2CFzd9tkSWATrnCipmQI9Y/o5nhXCAw/I=
golang.org/x/arch v0.7.0/go.mod h1:tc0Hph0KJCh0AA5iNRf5xkHnwnT+oydagJ13mo1BCGo=
golang.org/x/crypto v0.17.0 h1:rRjrE2VXCy84CKwEGqgYURKRCfBCHMhJv/E0sROpQ+k=
golang.org/x/crypto v0.17.0/go.mod h1:gCA3/KbiEjh3gLmUJYEQ4cYwWps0wAPi++RYLkOD43M=
golang.org/x/net v0.19.0 h1:xEo8x7B5oJ7X7u9FGNjZFid86G9WK5p0XQ5mxGwR5cE=
golang.org/x/net v0.19.0/go.mod h1:3Pl6CVN2/0qvVMDGY0W+4JEplrFYeHRFz7z6LiQMbZ8=
golang.org/x/oauth2 v0.16.0 h1:0wqMx60Y7RyipoD7aNexMOLcDgQVHQXx0d7xpQuG3cE=
golang.org/x/oauth2 v0.16.0/go.mod h1:qBmFGlnuPJIRirGOcXgtdIafhZEoWBh3wGE1uX03CXs=
golang.org/x/sys v0.15.0 h1:hKJTIgIR2kUcNCUIBwEAyoe3Z29yEkE87YXrTpJicSY=
golang.org/x/sys v0.15.0/go.mod h1:JB+YThhGsnWYoY3SIaCQDPZ+WWgREe/g3QZ2v7DR5j0=
golang.org/x/text v0.14.0 h1:3B4liRnS7k8Gk/rMc/H0pXFqDFFebMaC/D56LGKVRYE=
golang.org/x/text v0.14.0/go.mod h1:18ZZiw0G7WFcSxUmhSQGSdWWyGXBPZp3H1MfV6nFTcA=
gorm.io/driver/mysql v1.5.4 h1:tWwFET3iK2JyiitDm1A3UJ9CenOuFWIFsdLW6NJ2iQU=
gorm.io/driver/mysql v1.5.4/go.mod h1:Qh0XjM1nz4dRZC0/YlxCI0uJ0Usj+aC/wlr0Za4JDv0=
gorm.io/driver/postgres v1.5.7 h1:9Di2Y/V5sRWX2LrKUoCeW2Pp5sQIusmK9I6wAOk3KQQ=
gorm.io/driver/postgres v1.5.7/go.mod h1:F+TYFDYcKjoM7r5CpDT8MfTW0J4/X6KujHe1p3lcPvU=
gorm.io/driver/sqlite v1.5.7 h1:wp41Ucw6t+fx719yT+G1dqf4K86twz6KeBrFZSGW4Ko=
gorm.io/driver/sqlite v1.5.7/go.mod h1:Xxyl+zqdnlFbbtIJvLXv/9L1kiTO0rEIVqeXgRla+IA=
gorm.io/gorm v1.25.7 h1:p7WwTyywZQN13Z1tSMkNrEcDHxFaBs9dnQ5fDcm1wys=
gorm.io/gorm v1.25.7/go.mod h1:bZ21iN1g9A1u6gG4bZ3Dw3FMKbVIDOVTg1t4sDcnYOk=
